
Microsoft Visual Studio Solution File, Format Version 12.00
# Visual Studio Version 17
VisualStudioVersion = 17.0.31903.59
MinimumVisualStudioVersion = 10.0.40219.1
Project("{2150E333-8FDC-42A3-9474-1A3956D46DE8}") = "Reminders", "Reminders", "{4708D353-F015-5C27-E646-BE7702BA8CA8}"
EndProject
Project("{FAE04EC0-301F-11D3-BF4B-00C04F79EFBC}") = "HereAndNow.Reminders", "Reminders\HereAndNow.Reminders\HereAndNow.Reminders.csproj", "{B6EE6DDC-4F45-4647-A230-5CF41EA79192}"
EndProject
Project("{2150E333-8FDC-42A3-9474-1A3956D46DE8}") = "Web", "Web", "{256F4E96-6A73-9ABE-786F-840C672A50F4}"
EndProject
Project("{FAE04EC0-301F-11D3-BF4B-00C04F79EFBC}") = "HereAndNow.Web", "Web\HereAndNow.Web\HereAndNow.Web.csproj", "{D8309FB2-689C-4C18-84AF-00E379807C9F}"
EndProject
Project("{FAE04EC0-301F-11D3-BF4B-00C04F79EFBC}") = "HereAndNow.Web.Tests", "Web\HereAndNow.Web.Tests\HereAndNow.Web.Tests.csproj", "{094BCC1D-7B30-487E-AA4F-80487624C8D9}"
EndProject
Project("{2150E333-8FDC-42A3-9474-1A3956D46DE8}") = "Solution Items", "Solution Items", "{8EC462FD-D22E-90A8-E5CE-7E832BA40C5D}"
	ProjectSection(SolutionItems) = preProject
		.github\copilot-instructions.md = .github\copilot-instructions.md
	EndProjectSection
EndProject
Global
	GlobalSection(SolutionConfigurationPlatforms) = preSolution
		Debug|Any CPU = Debug|Any CPU
		Debug|x64 = Debug|x64
		Debug|x86 = Debug|x86
		Release|Any CPU = Release|Any CPU
		Release|x64 = Release|x64
		Release|x86 = Release|x86
	EndGlobalSection
	GlobalSection(ProjectConfigurationPlatforms) = postSolution
		{B6EE6DDC-4F45-4647-A230-5CF41EA79192}.Debug|Any CPU.ActiveCfg = Debug|Any CPU
		{B6EE6DDC-4F45-4647-A230-5CF41EA79192}.Debug|Any CPU.Build.0 = Debug|Any CPU
		{B6EE6DDC-4F45-4647-A230-5CF41EA79192}.Debug|x64.ActiveCfg = Debug|Any CPU
		{B6EE6DDC-4F45-4647-A230-5CF41EA79192}.Debug|x64.Build.0 = Debug|Any CPU
		{B6EE6DDC-4F45-4647-A230-5CF41EA79192}.Debug|x86.ActiveCfg = Debug|Any CPU
		{B6EE6DDC-4F45-4647-A230-5CF41EA79192}.Debug|x86.Build.0 = Debug|Any CPU
		{B6EE6DDC-4F45-4647-A230-5CF41EA79192}.Release|Any CPU.ActiveCfg = Release|Any CPU
		{B6EE6DDC-4F45-4647-A230-5CF41EA79192}.Release|Any CPU.Build.0 = Release|Any CPU
		{B6EE6DDC-4F45-4647-A230-5CF41EA79192}.Release|x64.ActiveCfg = Release|Any CPU
		{B6EE6DDC-4F45-4647-A230-5CF41EA79192}.Release|x64.Build.0 = Release|Any CPU
		{B6EE6DDC-4F45-4647-A230-5CF41EA79192}.Release|x86.ActiveCfg = Release|Any CPU
		{B6EE6DDC-4F45-4647-A230-5CF41EA79192}.Release|x86.Build.0 = Release|Any CPU
		{D8309FB2-689C-4C18-84AF-00E379807C9F}.Debug|Any CPU.ActiveCfg = Debug|Any CPU
		{D8309FB2-689C-4C18-84AF-00E379807C9F}.Debug|Any CPU.Build.0 = Debug|Any CPU
		{D8309FB2-689C-4C18-84AF-00E379807C9F}.Debug|x64.ActiveCfg = Debug|Any CPU
		{D8309FB2-689C-4C18-84AF-00E379807C9F}.Debug|x64.Build.0 = Debug|Any CPU
		{D8309FB2-689C-4C18-84AF-00E379807C9F}.Debug|x86.ActiveCfg = Debug|Any CPU
		{D8309FB2-689C-4C18-84AF-00E379807C9F}.Debug|x86.Build.0 = Debug|Any CPU
		{D8309FB2-689C-4C18-84AF-00E379807C9F}.Release|Any CPU.ActiveCfg = Release|Any CPU
		{D8309FB2-689C-4C18-84AF-00E379807C9F}.Release|Any CPU.Build.0 = Release|Any CPU
		{D8309FB2-689C-4C18-84AF-00E379807C9F}.Release|x64.ActiveCfg = Release|Any CPU
		{D8309FB2-689C-4C18-84AF-00E379807C9F}.Release|x64.Build.0 = Release|Any CPU
		{D8309FB2-689C-4C18-84AF-00E379807C9F}.Release|x86.ActiveCfg = Release|Any CPU
		{D8309FB2-689C-4C18-84AF-00E379807C9F}.Release|x86.Build.0 = Release|Any CPU
		{094BCC1D-7B30-487E-AA4F-80487624C8D9}.Debug|Any CPU.ActiveCfg = Debug|Any CPU
		{094BCC1D-7B30-487E-AA4F-80487624C8D9}.Debug|Any CPU.Build.0 = Debug|Any CPU
		{094BCC1D-7B30-487E-AA4F-80487624C8D9}.Debug|x64.ActiveCfg = Debug|Any CPU
		{094BCC1D-7B30-487E-AA4F-80487624C8D9}.Debug|x64.Build.0 = Debug|Any CPU
		{094BCC1D-7B30-487E-AA4F-80487624C8D9}.Debug|x86.ActiveCfg = Debug|Any CPU
		{094BCC1D-7B30-487E-AA4F-80487624C8D9}.Debug|x86.Build.0 = Debug|Any CPU
		{094BCC1D-7B30-487E-AA4F-80487624C8D9}.Release|Any CPU.ActiveCfg = Release|Any CPU
		{094BCC1D-7B30-487E-AA4F-80487624C8D9}.Release|Any CPU.Build.0 = Release|Any CPU
		{094BCC1D-7B30-487E-AA4F-80487624C8D9}.Release|x64.ActiveCfg = Release|Any CPU
		{094BCC1D-7B30-487E-AA4F-80487624C8D9}.Release|x64.Build.0 = Release|Any CPU
		{094BCC1D-7B30-487E-AA4F-80487624C8D9}.Release|x86.ActiveCfg = Release|Any CPU
		{094BCC1D-7B30-487E-AA4F-80487624C8D9}.Release|x86.Build.0 = Release|Any CPU
	EndGlobalSection
	GlobalSection(SolutionProperties) = preSolution
		HideSolutionNode = FALSE
	EndGlobalSection
	GlobalSection(NestedProjects) = preSolution
		{B6EE6DDC-4F45-4647-A230-5CF41EA79192} = {4708D353-F015-5C27-E646-BE7702BA8CA8}
		{D8309FB2-689C-4C18-84AF-00E379807C9F} = {256F4E96-6A73-9ABE-786F-840C672A50F4}
		{094BCC1D-7B30-487E-AA4F-80487624C8D9} = {256F4E96-6A73-9ABE-786F-840C672A50F4}
	EndGlobalSection
EndGlobal
